// !$*UTF8*$!
{
	archiveVersion = 1;
	classes = {
	};
	objectVersion = 46;
	objects = {

/* Begin PBXBuildFile section */
		A423B4751C9723A0005888E4 /* AppDelegate.swift in Sources */ = {isa = PBXBuildFile; fileRef = A423B4741C9723A0005888E4 /* AppDelegate.swift */; };
		A423B47C1C9723A0005888E4 /* Assets.xcassets in Resources */ = {isa = PBXBuildFile; fileRef = A423B47B1C9723A0005888E4 /* Assets.xcassets */; };
		A423B47F1C9723A0005888E4 /* LaunchScreen.storyboard in Resources */ = {isa = PBXBuildFile; fileRef = A423B47D1C9723A0005888E4 /* LaunchScreen.storyboard */; };
		A4B4F5CA1C9B6DBF00DFD022 /* CategoryCell.swift in Sources */ = {isa = PBXBuildFile; fileRef = A4B4F5C91C9B6DBF00DFD022 /* CategoryCell.swift */; };
		A4B4F5CC1C9B6DF400DFD022 /* MovieCategory.swift in Sources */ = {isa = PBXBuildFile; fileRef = A4B4F5CB1C9B6DF400DFD022 /* MovieCategory.swift */; };
		A4C34F7E1C99B97A00DFF6AC /* SegButtonView.swift in Sources */ = {isa = PBXBuildFile; fileRef = A4C34F7D1C99B97A00DFF6AC /* SegButtonView.swift */; };
		A4C7B0091C985F47009CD3A0 /* TabController.swift in Sources */ = {isa = PBXBuildFile; fileRef = A4C7B0081C985F47009CD3A0 /* TabController.swift */; };
		A4C7B00B1C987077009CD3A0 /* MaterialContentView.swift in Sources */ = {isa = PBXBuildFile; fileRef = A4C7B00A1C987077009CD3A0 /* MaterialContentView.swift */; };
		A4C7B00D1C987266009CD3A0 /* MaterialImageView.swift in Sources */ = {isa = PBXBuildFile; fileRef = A4C7B00C1C987266009CD3A0 /* MaterialImageView.swift */; };
		A4C7B00F1C9872FB009CD3A0 /* MaterialButtonView.swift in Sources */ = {isa = PBXBuildFile; fileRef = A4C7B00E1C9872FB009CD3A0 /* MaterialButtonView.swift */; };
		A4C7B0111C987588009CD3A0 /* TitleView.swift in Sources */ = {isa = PBXBuildFile; fileRef = A4C7B0101C987588009CD3A0 /* TitleView.swift */; };
		A4C7B0131C988172009CD3A0 /* StarControl.swift in Sources */ = {isa = PBXBuildFile; fileRef = A4C7B0121C988172009CD3A0 /* StarControl.swift */; };
		A4D736DA1C9C563500C47BB2 /* CircleLoader.swift in Sources */ = {isa = PBXBuildFile; fileRef = A4D736D91C9C563500C47BB2 /* CircleLoader.swift */; };
		A4E4264A1C98DFFA004E7C17 /* MovieController.swift in Sources */ = {isa = PBXBuildFile; fileRef = A4E426491C98DFFA004E7C17 /* MovieController.swift */; };
		A4F46B011C9B2BB00081E867 /* Main.storyboard in Resources */ = {isa = PBXBuildFile; fileRef = A4F46AFF1C9B2BB00081E867 /* Main.storyboard */; };
		A4F46B031C9B2D0B0081E867 /* filterVC.swift in Sources */ = {isa = PBXBuildFile; fileRef = A4F46B021C9B2D0B0081E867 /* filterVC.swift */; };
		A4F46B051C9B365F0081E867 /* MovieDetailController.swift in Sources */ = {isa = PBXBuildFile; fileRef = A4F46B041C9B365F0081E867 /* MovieDetailController.swift */; };
		A4F46B071C9B48A70081E867 /* Similar.swift in Sources */ = {isa = PBXBuildFile; fileRef = A4F46B061C9B48A70081E867 /* Similar.swift */; };
		A4F46B091C9B48D20081E867 /* SimilarCell.swift in Sources */ = {isa = PBXBuildFile; fileRef = A4F46B081C9B48D20081E867 /* SimilarCell.swift */; };
/* End PBXBuildFile section */

/* Begin PBXFileReference section */
		A423B4711C9723A0005888E4 /* movie-rec.app */ = {isa = PBXFileReference; explicitFileType = wrapper.application; includeInIndex = 0; path = "movie-rec.app"; sourceTree = BUILT_PRODUCTS_DIR; };
		A423B4741C9723A0005888E4 /* AppDelegate.swift */ = {isa = PBXFileReference; lastKnownFileType = sourcecode.swift; path = AppDelegate.swift; sourceTree = "<group>"; };
		A423B47B1C9723A0005888E4 /* Assets.xcassets */ = {isa = PBXFileReference; lastKnownFileType = folder.assetcatalog; path = Assets.xcassets; sourceTree = "<group>"; };
		A423B47E1C9723A0005888E4 /* Base */ = {isa = PBXFileReference; lastKnownFileType = file.storyboard; name = Base; path = Base.lproj/LaunchScreen.storyboard; sourceTree = "<group>"; };
		A423B4801C9723A0005888E4 /* Info.plist */ = {isa = PBXFileReference; lastKnownFileType = text.plist.xml; path = Info.plist; sourceTree = "<group>"; };
		A4B4F5C91C9B6DBF00DFD022 /* CategoryCell.swift */ = {isa = PBXFileReference; fileEncoding = 4; lastKnownFileType = sourcecode.swift; path = CategoryCell.swift; sourceTree = "<group>"; };
		A4B4F5CB1C9B6DF400DFD022 /* MovieCategory.swift */ = {isa = PBXFileReference; fileEncoding = 4; lastKnownFileType = sourcecode.swift; path = MovieCategory.swift; sourceTree = "<group>"; };
		A4C34F7D1C99B97A00DFF6AC /* SegButtonView.swift */ = {isa = PBXFileReference; fileEncoding = 4; lastKnownFileType = sourcecode.swift; path = SegButtonView.swift; sourceTree = "<group>"; };
		A4C7B0081C985F47009CD3A0 /* TabController.swift */ = {isa = PBXFileReference; fileEncoding = 4; lastKnownFileType = sourcecode.swift; path = TabController.swift; sourceTree = "<group>"; };
		A4C7B00A1C987077009CD3A0 /* MaterialContentView.swift */ = {isa = PBXFileReference; fileEncoding = 4; lastKnownFileType = sourcecode.swift; path = MaterialContentView.swift; sourceTree = "<group>"; };
		A4C7B00C1C987266009CD3A0 /* MaterialImageView.swift */ = {isa = PBXFileReference; fileEncoding = 4; lastKnownFileType = sourcecode.swift; path = MaterialImageView.swift; sourceTree = "<group>"; };
		A4C7B00E1C9872FB009CD3A0 /* MaterialButtonView.swift */ = {isa = PBXFileReference; fileEncoding = 4; lastKnownFileType = sourcecode.swift; path = MaterialButtonView.swift; sourceTree = "<group>"; };
		A4C7B0101C987588009CD3A0 /* TitleView.swift */ = {isa = PBXFileReference; fileEncoding = 4; lastKnownFileType = sourcecode.swift; path = TitleView.swift; sourceTree = "<group>"; };
		A4C7B0121C988172009CD3A0 /* StarControl.swift */ = {isa = PBXFileReference; fileEncoding = 4; lastKnownFileType = sourcecode.swift; path = StarControl.swift; sourceTree = "<group>"; };
		A4D736D91C9C563500C47BB2 /* CircleLoader.swift */ = {isa = PBXFileReference; fileEncoding = 4; lastKnownFileType = sourcecode.swift; path = CircleLoader.swift; sourceTree = "<group>"; };
		A4E426491C98DFFA004E7C17 /* MovieController.swift */ = {isa = PBXFileReference; fileEncoding = 4; lastKnownFileType = sourcecode.swift; path = MovieController.swift; sourceTree = "<group>"; };
		A4F46B001C9B2BB00081E867 /* Base */ = {isa = PBXFileReference; lastKnownFileType = file.storyboard; name = Base; path = Base.lproj/Main.storyboard; sourceTree = "<group>"; };
		A4F46B021C9B2D0B0081E867 /* filterVC.swift */ = {isa = PBXFileReference; fileEncoding = 4; lastKnownFileType = sourcecode.swift; path = filterVC.swift; sourceTree = "<group>"; };
		A4F46B041C9B365F0081E867 /* MovieDetailController.swift */ = {isa = PBXFileReference; fileEncoding = 4; lastKnownFileType = sourcecode.swift; path = MovieDetailController.swift; sourceTree = "<group>"; };
		A4F46B061C9B48A70081E867 /* Similar.swift */ = {isa = PBXFileReference; fileEncoding = 4; lastKnownFileType = sourcecode.swift; path = Similar.swift; sourceTree = "<group>"; };
		A4F46B081C9B48D20081E867 /* SimilarCell.swift */ = {isa = PBXFileReference; fileEncoding = 4; lastKnownFileType = sourcecode.swift; path = SimilarCell.swift; sourceTree = "<group>"; };
/* End PBXFileReference section */

/* Begin PBXFrameworksBuildPhase section */
		A423B46E1C9723A0005888E4 /* Frameworks */ = {
			isa = PBXFrameworksBuildPhase;
			buildActionMask = 2147483647;
			files = (
			);
			runOnlyForDeploymentPostprocessing = 0;
		};
/* End PBXFrameworksBuildPhase section */

/* Begin PBXGroup section */
		A423B4681C9723A0005888E4 = {
			isa = PBXGroup;
			children = (
				A423B4731C9723A0005888E4 /* movie-rec */,
				A423B4721C9723A0005888E4 /* Products */,
			);
			sourceTree = "<group>";
		};
		A423B4721C9723A0005888E4 /* Products */ = {
			isa = PBXGroup;
			children = (
				A423B4711C9723A0005888E4 /* movie-rec.app */,
			);
			name = Products;
			sourceTree = "<group>";
		};
		A423B4731C9723A0005888E4 /* movie-rec */ = {
			isa = PBXGroup;
			children = (
				A4C7B0051C985B3C009CD3A0 /* model */,
				A4C7B0061C985B42009CD3A0 /* view */,
				A4C7B0071C985B4F009CD3A0 /* controller */,
				A4F46AFF1C9B2BB00081E867 /* Main.storyboard */,
				A423B4741C9723A0005888E4 /* AppDelegate.swift */,
				A423B47B1C9723A0005888E4 /* Assets.xcassets */,
				A423B47D1C9723A0005888E4 /* LaunchScreen.storyboard */,
				A423B4801C9723A0005888E4 /* Info.plist */,
			);
			path = "movie-rec";
			sourceTree = "<group>";
		};
		A4C7B0051C985B3C009CD3A0 /* model */ = {
			isa = PBXGroup;
			children = (
				A4F46B061C9B48A70081E867 /* Similar.swift */,
				A4B4F5CB1C9B6DF400DFD022 /* MovieCategory.swift */,
			);
			name = model;
			sourceTree = "<group>";
		};
		A4C7B0061C985B42009CD3A0 /* view */ = {
			isa = PBXGroup;
			children = (
				A4C7B00A1C987077009CD3A0 /* MaterialContentView.swift */,
				A4C7B00C1C987266009CD3A0 /* MaterialImageView.swift */,
				A4C7B00E1C9872FB009CD3A0 /* MaterialButtonView.swift */,
				A4C7B0101C987588009CD3A0 /* TitleView.swift */,
				A4C7B0121C988172009CD3A0 /* StarControl.swift */,
				A4C34F7D1C99B97A00DFF6AC /* SegButtonView.swift */,
				A4F46B081C9B48D20081E867 /* SimilarCell.swift */,
				A4B4F5C91C9B6DBF00DFD022 /* CategoryCell.swift */,
				A4D736D91C9C563500C47BB2 /* CircleLoader.swift */,
			);
			name = view;
			sourceTree = "<group>";
		};
		A4C7B0071C985B4F009CD3A0 /* controller */ = {
			isa = PBXGroup;
			children = (
				A4C7B0081C985F47009CD3A0 /* TabController.swift */,
				A4E426491C98DFFA004E7C17 /* MovieController.swift */,
				A4F46B021C9B2D0B0081E867 /* filterVC.swift */,
				A4F46B041C9B365F0081E867 /* MovieDetailController.swift */,
			);
			name = controller;
			sourceTree = "<group>";
		};
/* End PBXGroup section */

/* Begin PBXNativeTarget section */
		A423B4701C9723A0005888E4 /* movie-rec */ = {
			isa = PBXNativeTarget;
			buildConfigurationList = A423B4831C9723A0005888E4 /* Build configuration list for PBXNativeTarget "movie-rec" */;
			buildPhases = (
				A423B46D1C9723A0005888E4 /* Sources */,
				A423B46E1C9723A0005888E4 /* Frameworks */,
				A423B46F1C9723A0005888E4 /* Resources */,
			);
			buildRules = (
			);
			dependencies = (
			);
			name = "movie-rec";
			productName = "movie-rec";
			productReference = A423B4711C9723A0005888E4 /* movie-rec.app */;
			productType = "com.apple.product-type.application";
		};
/* End PBXNativeTarget section */

/* Begin PBXProject section */
		A423B4691C9723A0005888E4 /* Project object */ = {
			isa = PBXProject;
			attributes = {
				LastSwiftUpdateCheck = 0720;
				LastUpgradeCheck = 0720;
				ORGANIZATIONNAME = "Eric Drew";
				TargetAttributes = {
					A423B4701C9723A0005888E4 = {
						CreatedOnToolsVersion = 7.2.1;
					};
				};
			};
			buildConfigurationList = A423B46C1C9723A0005888E4 /* Build configuration list for PBXProject "movie-rec" */;
			compatibilityVersion = "Xcode 3.2";
			developmentRegion = English;
			hasScannedForEncodings = 0;
			knownRegions = (
				en,
				Base,
			);
			mainGroup = A423B4681C9723A0005888E4;
			productRefGroup = A423B4721C9723A0005888E4 /* Products */;
			projectDirPath = "";
			projectRoot = "";
			targets = (
				A423B4701C9723A0005888E4 /* movie-rec */,
			);
		};
/* End PBXProject section */

/* Begin PBXResourcesBuildPhase section */
		A423B46F1C9723A0005888E4 /* Resources */ = {
			isa = PBXResourcesBuildPhase;
			buildActionMask = 2147483647;
			files = (
				A4F46B011C9B2BB00081E867 /* Main.storyboard in Resources */,
				A423B47F1C9723A0005888E4 /* LaunchScreen.storyboard in Resources */,
				A423B47C1C9723A0005888E4 /* Assets.xcassets in Resources */,
			);
			runOnlyForDeploymentPostprocessing = 0;
		};
/* End PBXResourcesBuildPhase section */

/* Begin PBXSourcesBuildPhase section */
		A423B46D1C9723A0005888E4 /* Sources */ = {
			isa = PBXSourcesBuildPhase;
			buildActionMask = 2147483647;
			files = (
				A4F46B031C9B2D0B0081E867 /* filterVC.swift in Sources */,
				A4C34F7E1C99B97A00DFF6AC /* SegButtonView.swift in Sources */,
				A423B4751C9723A0005888E4 /* AppDelegate.swift in Sources */,
				A4B4F5CA1C9B6DBF00DFD022 /* CategoryCell.swift in Sources */,
				A4C7B0131C988172009CD3A0 /* StarControl.swift in Sources */,
				A4F46B091C9B48D20081E867 /* SimilarCell.swift in Sources */,
				A4D736DA1C9C563500C47BB2 /* CircleLoader.swift in Sources */,
				A4C7B00F1C9872FB009CD3A0 /* MaterialButtonView.swift in Sources */,
				A4C7B0091C985F47009CD3A0 /* TabController.swift in Sources */,
				A4F46B051C9B365F0081E867 /* MovieDetailController.swift in Sources */,
				A4E4264A1C98DFFA004E7C17 /* MovieController.swift in Sources */,
				A4C7B00B1C987077009CD3A0 /* MaterialContentView.swift in Sources */,
				A4F46B071C9B48A70081E867 /* Similar.swift in Sources */,
				A4B4F5CC1C9B6DF400DFD022 /* MovieCategory.swift in Sources */,
				A4C7B00D1C987266009CD3A0 /* MaterialImageView.swift in Sources */,
				A4C7B0111C987588009CD3A0 /* TitleView.swift in Sources */,
			);
			runOnlyForDeploymentPostprocessing = 0;
		};
/* End PBXSourcesBuildPhase section */

/* Begin PBXVariantGroup section */
		A423B47D1C9723A0005888E4 /* LaunchScreen.storyboard */ = {
			isa = PBXVariantGroup;
			children = (
				A423B47E1C9723A0005888E4 /* Base */,
			);
			name = LaunchScreen.storyboard;
			sourceTree = "<group>";
		};
		A4F46AFF1C9B2BB00081E867 /* Main.storyboard */ = {
			isa = PBXVariantGroup;
			children = (
				A4F46B001C9B2BB00081E867 /* Base */,
			);
			name = Main.storyboard;
			sourceTree = "<group>";
		};
/* End PBXVariantGroup section */

/* Begin XCBuildConfiguration section */
		A423B4811C9723A0005888E4 /* Debug */ = {
			isa = XCBuildConfiguration;
			buildSettings = {
				ALWAYS_SEARCH_USER_PATHS = NO;
				CLANG_CXX_LANGUAGE_STANDARD = "gnu++0x";
				CLANG_CXX_LIBRARY = "libc++";
				CLANG_ENABLE_MODULES = YES;
				CLANG_ENABLE_OBJC_ARC = YES;
				CLANG_WARN_BOOL_CONVERSION = YES;
				CLANG_WARN_CONSTANT_CONVERSION = YES;
				CLANG_WARN_DIRECT_OBJC_ISA_USAGE = YES_ERROR;
				CLANG_WARN_EMPTY_BODY = YES;
				CLANG_WARN_ENUM_CONVERSION = YES;
				CLANG_WARN_INT_CONVERSION = YES;
				CLANG_WARN_OBJC_ROOT_CLASS = YES_ERROR;
				CLANG_WARN_UNREACHABLE_CODE = YES;
				CLANG_WARN__DUPLICATE_METHOD_MATCH = YES;
				"CODE_SIGN_IDENTITY[sdk=iphoneos*]" = "iPhone Developer";
				COPY_PHASE_STRIP = NO;
				DEBUG_INFORMATION_FORMAT = dwarf;
				ENABLE_STRICT_OBJC_MSGSEND = YES;
				ENABLE_TESTABILITY = YES;
				GCC_C_LANGUAGE_STANDARD = gnu99;
				GCC_DYNAMIC_NO_PIC = NO;
				GCC_NO_COMMON_BLOCKS = YES;
				GCC_OPTIMIZATION_LEVEL = 0;
				GCC_PREPROCESSOR_DEFINITIONS = (
					"DEBUG=1",
					"$(inherited)",
				);
				GCC_WARN_64_TO_32_BIT_CONVERSION = YES;
				GCC_WARN_ABOUT_RETURN_TYPE = YES_ERROR;
				GCC_WARN_UNDECLARED_SELECTOR = YES;
				GCC_WARN_UNINITIALIZED_AUTOS = YES_AGGRESSIVE;
				GCC_WARN_UNUSED_FUNCTION = YES;
				GCC_WARN_UNUSED_VARIABLE = YES;
				IPHONEOS_DEPLOYMENT_TARGET = 9.2;
				MTL_ENABLE_DEBUG_INFO = YES;
				ONLY_ACTIVE_ARCH = YES;
				SDKROOT = iphoneos;
				SWIFT_OPTIMIZATION_LEVEL = "-Onone";
				TARGETED_DEVICE_FAMILY = "1,2";
			};
			name = Debug;
		};
		A423B4821C9723A0005888E4 /* Release */ = {
			isa = XCBuildConfiguration;
			buildSettings = {
				ALWAYS_SEARCH_USER_PATHS = NO;
				CLANG_CXX_LANGUAGE_STANDARD = "gnu++0x";
				CLANG_CXX_LIBRARY = "libc++";
				CLANG_ENABLE_MODULES = YES;
				CLANG_ENABLE_OBJC_ARC = YES;
				CLANG_WARN_BOOL_CONVERSION = YES;
				CLANG_WARN_CONSTANT_CONVERSION = YES;
				CLANG_WARN_DIRECT_OBJC_ISA_USAGE = YES_ERROR;
				CLANG_WARN_EMPTY_BODY = YES;
				CLANG_WARN_ENUM_CONVERSION = YES;
				CLANG_WARN_INT_CONVERSION = YES;
				CLANG_WARN_OBJC_ROOT_CLASS = YES_ERROR;
				CLANG_WARN_UNREACHABLE_CODE = YES;
				CLANG_WARN__DUPLICATE_METHOD_MATCH = YES;
				"CODE_SIGN_IDENTITY[sdk=iphoneos*]" = "iPhone Developer";
				COPY_PHASE_STRIP = NO;
				DEBUG_INFORMATION_FORMAT = "dwarf-with-dsym";
				ENABLE_NS_ASSERTIONS = NO;
				ENABLE_STRICT_OBJC_MSGSEND = YES;
				GCC_C_LANGUAGE_STANDARD = gnu99;
				GCC_NO_COMMON_BLOCKS = YES;
				GCC_WARN_64_TO_32_BIT_CONVERSION = YES;
				GCC_WARN_ABOUT_RETURN_TYPE = YES_ERROR;
				GCC_WARN_UNDECLARED_SELECTOR = YES;
				GCC_WARN_UNINITIALIZED_AUTOS = YES_AGGRESSIVE;
				GCC_WARN_UNUSED_FUNCTION = YES;
				GCC_WARN_UNUSED_VARIABLE = YES;
				IPHONEOS_DEPLOYMENT_TARGET = 9.2;
				MTL_ENABLE_DEBUG_INFO = NO;
				SDKROOT = iphoneos;
				TARGETED_DEVICE_FAMILY = "1,2";
				VALIDATE_PRODUCT = YES;
			};
			name = Release;
		};
		A423B4841C9723A0005888E4 /* Debug */ = {
			isa = XCBuildConfiguration;
			buildSettings = {
				ASSETCATALOG_COMPILER_APPICON_NAME = AppIcon;
				INFOPLIST_FILE = "movie-rec/Info.plist";
				LD_RUNPATH_SEARCH_PATHS = "$(inherited) @executable_path/Frameworks";
				PRODUCT_BUNDLE_IDENTIFIER = "com.ericdrew.movie-rec";
				PRODUCT_NAME = "$(TARGET_NAME)";
			};
			name = Debug;
		};
		A423B4851C9723A0005888E4 /* Release */ = {
			isa = XCBuildConfiguration;
			buildSettings = {
				ASSETCATALOG_COMPILER_APPICON_NAME = AppIcon;
				INFOPLIST_FILE = "movie-rec/Info.plist";
				LD_RUNPATH_SEARCH_PATHS = "$(inherited) @executable_path/Frameworks";
				PRODUCT_BUNDLE_IDENTIFIER = "com.ericdrew.movie-rec";
				PRODUCT_NAME = "$(TARGET_NAME)";
			};
			name = Release;
		};
/* End XCBuildConfiguration section */

/* Begin XCConfigurationList section */
		A423B46C1C9723A0005888E4 /* Build configuration list for PBXProject "movie-rec" */ = {
			isa = XCConfigurationList;
			buildConfigurations = (
				A423B4811C9723A0005888E4 /* Debug */,
				A423B4821C9723A0005888E4 /* Release */,
			);
			defaultConfigurationIsVisible = 0;
			defaultConfigurationName = Release;
		};
		A423B4831C9723A0005888E4 /* Build configuration list for PBXNativeTarget "movie-rec" */ = {
			isa = XCConfigurationList;
			buildConfigurations = (
				A423B4841C9723A0005888E4 /* Debug */,
				A423B4851C9723A0005888E4 /* Release */,
			);
			defaultConfigurationIsVisible = 0;
			defaultConfigurationName = Release;
		};
/* End XCConfigurationList section */
	};
	rootObject = A423B4691C9723A0005888E4 /* Project object */;
}
